
Microsoft Visual Studio Solution File, Format Version 12.00
# Visual Studio Version 16
VisualStudioVersion = 16.0.30002.166
MinimumVisualStudioVersion = 10.0.40219.1
Project("{FAE04EC0-301F-11D3-BF4B-00C04F79EFBC}") = "Lab2", "Lab2\Lab2.csproj", "{121A0EC0-66E0-4182-A44C-C63D27569AF5}"
EndProject
Global
	GlobalSection(SolutionConfigurationPlatforms) = preSolution
		Debug|Any CPU = Debug|Any CPU
		Release|Any CPU = Release|Any CPU
	EndGlobalSection
	GlobalSection(ProjectConfigurationPlatforms) = postSolution
		{121A0EC0-66E0-4182-A44C-C63D27569AF5}.Debug|Any CPU.ActiveCfg = Debug|Any CPU
		{121A0EC0-66E0-4182-A44C-C63D27569AF5}.Debug|Any CPU.Build.0 = Debug|Any CPU
		{121A0EC0-66E0-4182-A44C-C63D27569AF5}.Release|Any CPU.ActiveCfg = Release|Any CPU
		{121A0EC0-66E0-4182-A44C-C63D27569AF5}.Release|Any CPU.Build.0 = Release|Any CPU
	EndGlobalSection
	GlobalSection(SolutionProperties) = preSolution
		HideSolutionNode = FALSE
	EndGlobalSection
	GlobalSection(ExtensibilityGlobals) = postSolution
		SolutionGuid = {0E5F09E0-C286-4AF6-A3D2-6F7890974275}
	EndGlobalSection
EndGlobal
